
Microsoft Visual Studio Solution File, Format Version 12.00
# Visual Studio Version 16
VisualStudioVersion = 16.0.30114.105
MinimumVisualStudioVersion = 10.0.40219.1
Project("{FAE04EC0-301F-11D3-BF4B-00C04F79EFBC}") = "TestService", "TestService\TestService.csproj", "{425B19C2-7617-44CB-841D-0F30BB666324}"
EndProject
Project("{FAE04EC0-301F-11D3-BF4B-00C04F79EFBC}") = "TestService.Tests", "TestService.Tests\TestService.Tests.csproj", "{163D8183-A964-403C-93FD-79090B28B8FD}"
EndProject
Global
	GlobalSection(SolutionConfigurationPlatforms) = preSolution
		Debug|Any CPU = Debug|Any CPU
		Release|Any CPU = Release|Any CPU
	EndGlobalSection
	GlobalSection(SolutionProperties) = preSolution
		HideSolutionNode = FALSE
	EndGlobalSection
	GlobalSection(ProjectConfigurationPlatforms) = postSolution
		{425B19C2-7617-44CB-841D-0F30BB666324}.Debug|Any CPU.ActiveCfg = Debug|Any CPU
		{425B19C2-7617-44CB-841D-0F30BB666324}.Debug|Any CPU.Build.0 = Debug|Any CPU
		{425B19C2-7617-44CB-841D-0F30BB666324}.Release|Any CPU.ActiveCfg = Release|Any CPU
		{425B19C2-7617-44CB-841D-0F30BB666324}.Release|Any CPU.Build.0 = Release|Any CPU
		{163D8183-A964-403C-93FD-79090B28B8FD}.Debug|Any CPU.ActiveCfg = Debug|Any CPU
		{163D8183-A964-403C-93FD-79090B28B8FD}.Debug|Any CPU.Build.0 = Debug|Any CPU
		{163D8183-A964-403C-93FD-79090B28B8FD}.Release|Any CPU.ActiveCfg = Release|Any CPU
		{163D8183-A964-403C-93FD-79090B28B8FD}.Release|Any CPU.Build.0 = Release|Any CPU
	EndGlobalSection
EndGlobal
